
Microsoft Visual Studio Solution File, Format Version 12.00
# Visual Studio Version 17
VisualStudioVersion = 17.3.32804.467
MinimumVisualStudioVersion = 10.0.40219.1
Project("{9A19103F-16F7-4668-BE54-9A1E7A4F7556}") = "OPCUAAgent", "OPCUAAgent\OPCUAAgent.csproj", "{96E396BD-6B83-4907-8F3A-772784A10C20}"
EndProject
Project("{2150E333-8FDC-42A3-9474-1A3956D46DE8}") = "Elementy rozwiązania", "Elementy rozwiązania", "{B613C060-6845-4A69-B24C-E19BE86EC453}"
EndProject
Global
	GlobalSection(SolutionConfigurationPlatforms) = preSolution
		Debug|Any CPU = Debug|Any CPU
		Release|Any CPU = Release|Any CPU
	EndGlobalSection
	GlobalSection(ProjectConfigurationPlatforms) = postSolution
		{96E396BD-6B83-4907-8F3A-772784A10C20}.Debug|Any CPU.ActiveCfg = Debug|Any CPU
		{96E396BD-6B83-4907-8F3A-772784A10C20}.Debug|Any CPU.Build.0 = Debug|Any CPU
		{96E396BD-6B83-4907-8F3A-772784A10C20}.Release|Any CPU.ActiveCfg = Release|Any CPU
		{96E396BD-6B83-4907-8F3A-772784A10C20}.Release|Any CPU.Build.0 = Release|Any CPU
	EndGlobalSection
	GlobalSection(SolutionProperties) = preSolution
		HideSolutionNode = FALSE
	EndGlobalSection
	GlobalSection(ExtensibilityGlobals) = postSolution
		SolutionGuid = {AC9C0DA9-721D-4E9B-88E5-E5AC4854A1AD}
	EndGlobalSection
EndGlobal
